// !$*UTF8*$!
{
	archiveVersion = 1;
	classes = {
	};
	objectVersion = 46;
	objects = {

/* Begin PBXBuildFile section */
		520EE71C1D04E84F00520A9B /* DirectionTableViewCell.swift in Sources */ = {isa = PBXBuildFile; fileRef = 520EE71B1D04E84F00520A9B /* DirectionTableViewCell.swift */; };
		524D7B201CFBC385009024CC /* mapBoxAPIKeys.swift in Sources */ = {isa = PBXBuildFile; fileRef = 524D7B1F1CFBC385009024CC /* mapBoxAPIKeys.swift */; };
		524D7B221CFBC8C4009024CC /* Settings.storyboard in Resources */ = {isa = PBXBuildFile; fileRef = 524D7B211CFBC8C4009024CC /* Settings.storyboard */; };
		524D7B251CFBC8DE009024CC /* Map of Campus.storyboard in Resources */ = {isa = PBXBuildFile; fileRef = 524D7B231CFBC8DE009024CC /* Map of Campus.storyboard */; };
		524D7B271CFBC906009024CC /* Tour Prep.storyboard in Resources */ = {isa = PBXBuildFile; fileRef = 524D7B261CFBC906009024CC /* Tour Prep.storyboard */; };
		524D7B2A1CFBC9DD009024CC /* SelectedTourCat.storyboard in Resources */ = {isa = PBXBuildFile; fileRef = 524D7B281CFBC9DD009024CC /* SelectedTourCat.storyboard */; };
		52615C4E1D0DC80F0040FDA9 /* mapMatchingTest.swift in Sources */ = {isa = PBXBuildFile; fileRef = 52615C4D1D0DC80F0040FDA9 /* mapMatchingTest.swift */; };
		5264201B1CB2D54A00F7EEE2 /* SelectedTourViewController.swift in Sources */ = {isa = PBXBuildFile; fileRef = 5264201A1CB2D54A00F7EEE2 /* SelectedTourViewController.swift */; };
		5264201D1CB2E16800F7EEE2 /* DirectionsViewController.swift in Sources */ = {isa = PBXBuildFile; fileRef = 5264201C1CB2E16800F7EEE2 /* DirectionsViewController.swift */; };
		52762DA31CAF6E040051F338 /* TourCat.swift in Sources */ = {isa = PBXBuildFile; fileRef = 52762D9F1CAF6E040051F338 /* TourCat.swift */; };
		52762DA41CAF6E040051F338 /* Tour.swift in Sources */ = {isa = PBXBuildFile; fileRef = 52762DA01CAF6E040051F338 /* Tour.swift */; };
		52762DA51CAF6E040051F338 /* Landmarks.swift in Sources */ = {isa = PBXBuildFile; fileRef = 52762DA11CAF6E040051F338 /* Landmarks.swift */; };
		52762DA61CAF6E040051F338 /* Waypoints.swift in Sources */ = {isa = PBXBuildFile; fileRef = 52762DA21CAF6E040051F338 /* Waypoints.swift */; };
		528704B01CB5623E00650187 /* AuxiliaryFunctions.swift in Sources */ = {isa = PBXBuildFile; fileRef = 528704AF1CB5623E00650187 /* AuxiliaryFunctions.swift */; };
		528AE37D1CAC5A1300D8C65E /* SettingsViewController.swift in Sources */ = {isa = PBXBuildFile; fileRef = 528AE37C1CAC5A1300D8C65E /* SettingsViewController.swift */; };
		5299A20A1C66AF7E0072F8D3 /* AppDelegate.swift in Sources */ = {isa = PBXBuildFile; fileRef = 5299A2091C66AF7E0072F8D3 /* AppDelegate.swift */; };
		5299A20D1C66AF7E0072F8D3 /* RPI_Tours.xcdatamodeld in Sources */ = {isa = PBXBuildFile; fileRef = 5299A20B1C66AF7E0072F8D3 /* RPI_Tours.xcdatamodeld */; };
		5299A20F1C66AF7E0072F8D3 /* TourCategoryViewController.swift in Sources */ = {isa = PBXBuildFile; fileRef = 5299A20E1C66AF7E0072F8D3 /* TourCategoryViewController.swift */; };
		5299A2111C66AF7E0072F8D3 /* ToursByCategoryViewController.swift in Sources */ = {isa = PBXBuildFile; fileRef = 5299A2101C66AF7E0072F8D3 /* ToursByCategoryViewController.swift */; };
		5299A2141C66AF7E0072F8D3 /* Main.storyboard in Resources */ = {isa = PBXBuildFile; fileRef = 5299A2121C66AF7E0072F8D3 /* Main.storyboard */; };
		5299A2161C66AF7E0072F8D3 /* Assets.xcassets in Resources */ = {isa = PBXBuildFile; fileRef = 5299A2151C66AF7E0072F8D3 /* Assets.xcassets */; };
		5299A2191C66AF7E0072F8D3 /* LaunchScreen.storyboard in Resources */ = {isa = PBXBuildFile; fileRef = 5299A2171C66AF7E0072F8D3 /* LaunchScreen.storyboard */; };
		5299A2241C66AF7E0072F8D3 /* RPI_ToursTests.swift in Sources */ = {isa = PBXBuildFile; fileRef = 5299A2231C66AF7E0072F8D3 /* RPI_ToursTests.swift */; };
		5299A22F1C66AF7E0072F8D3 /* RPI_ToursUITests.swift in Sources */ = {isa = PBXBuildFile; fileRef = 5299A22E1C66AF7E0072F8D3 /* RPI_ToursUITests.swift */; };
		5299A64E1CE022A100F57D76 /* LicensesViewController.swift in Sources */ = {isa = PBXBuildFile; fileRef = 5299A64D1CE022A100F57D76 /* LicensesViewController.swift */; };
		52BDD9581CAF526600EEEE7A /* Tours.json in Resources */ = {isa = PBXBuildFile; fileRef = 52BDD9571CAF526600EEEE7A /* Tours.json */; };
		52C3FFEE1C9A384A00562190 /* GeneralMapViewController.swift in Sources */ = {isa = PBXBuildFile; fileRef = 52C3FFED1C9A384A00562190 /* GeneralMapViewController.swift */; };
		52FAA2BD1CAF5FDB0038283B /* Waypoints.csv in Resources */ = {isa = PBXBuildFile; fileRef = 52FAA2BC1CAF5FDB0038283B /* Waypoints.csv */; };
		616882F9858DC5836E6BD352 /* Pods_RPI_ToursUITests.framework in Frameworks */ = {isa = PBXBuildFile; fileRef = 819FD269E9F275E660A75F59 /* Pods_RPI_ToursUITests.framework */; };
		87106EC3B5D9D385D247BA32 /* Pods_RPI_ToursTests.framework in Frameworks */ = {isa = PBXBuildFile; fileRef = 967445EDEF6CF9190B222128 /* Pods_RPI_ToursTests.framework */; };
		C54DED5CC697F6BF2BDF0654 /* Pods_RPI_Tours.framework in Frameworks */ = {isa = PBXBuildFile; fileRef = B6B674FCA9BDEC13B6001AE9 /* Pods_RPI_Tours.framework */; };
/* End PBXBuildFile section */

/* Begin PBXContainerItemProxy section */
		5299A2201C66AF7E0072F8D3 /* PBXContainerItemProxy */ = {
			isa = PBXContainerItemProxy;
			containerPortal = 5299A1FE1C66AF7E0072F8D3 /* Project object */;
			proxyType = 1;
			remoteGlobalIDString = 5299A2051C66AF7E0072F8D3;
			remoteInfo = "RPI Tours";
		};
		5299A22B1C66AF7E0072F8D3 /* PBXContainerItemProxy */ = {
			isa = PBXContainerItemProxy;
			containerPortal = 5299A1FE1C66AF7E0072F8D3 /* Project object */;
			proxyType = 1;
			remoteGlobalIDString = 5299A2051C66AF7E0072F8D3;
			remoteInfo = "RPI Tours";
		};
/* End PBXContainerItemProxy section */

/* Begin PBXFileReference section */
		0F3D616B52EF6488E42F7F27 /* Pods-RPI Tours.release.xcconfig */ = {isa = PBXFileReference; includeInIndex = 1; lastKnownFileType = text.xcconfig; name = "Pods-RPI Tours.release.xcconfig"; path = "Pods/Target Support Files/Pods-RPI Tours/Pods-RPI Tours.release.xcconfig"; sourceTree = "<group>"; };
		16E50CF4FAFEDD0C896B8B0D /* Pods-RPI ToursUITests.release.xcconfig */ = {isa = PBXFileReference; includeInIndex = 1; lastKnownFileType = text.xcconfig; name = "Pods-RPI ToursUITests.release.xcconfig"; path = "Pods/Target Support Files/Pods-RPI ToursUITests/Pods-RPI ToursUITests.release.xcconfig"; sourceTree = "<group>"; };
		2614717E85694AB86641C0D0 /* Pods-RPI ToursUITests.debug.xcconfig */ = {isa = PBXFileReference; includeInIndex = 1; lastKnownFileType = text.xcconfig; name = "Pods-RPI ToursUITests.debug.xcconfig"; path = "Pods/Target Support Files/Pods-RPI ToursUITests/Pods-RPI ToursUITests.debug.xcconfig"; sourceTree = "<group>"; };
		506C002F6FB95A4089C3E19F /* Pods-RPI ToursTests.release.xcconfig */ = {isa = PBXFileReference; includeInIndex = 1; lastKnownFileType = text.xcconfig; name = "Pods-RPI ToursTests.release.xcconfig"; path = "Pods/Target Support Files/Pods-RPI ToursTests/Pods-RPI ToursTests.release.xcconfig"; sourceTree = "<group>"; };
		520EE71B1D04E84F00520A9B /* DirectionTableViewCell.swift */ = {isa = PBXFileReference; fileEncoding = 4; lastKnownFileType = sourcecode.swift; path = DirectionTableViewCell.swift; sourceTree = "<group>"; };
		524D7B1F1CFBC385009024CC /* mapBoxAPIKeys.swift */ = {isa = PBXFileReference; fileEncoding = 4; lastKnownFileType = sourcecode.swift; path = mapBoxAPIKeys.swift; sourceTree = "<group>"; };
		524D7B211CFBC8C4009024CC /* Settings.storyboard */ = {isa = PBXFileReference; fileEncoding = 4; lastKnownFileType = file.storyboard; path = Settings.storyboard; sourceTree = "<group>"; };
		524D7B241CFBC8DE009024CC /* Base */ = {isa = PBXFileReference; lastKnownFileType = file.storyboard; name = Base; path = "Base.lproj/Map of Campus.storyboard"; sourceTree = "<group>"; };
		524D7B261CFBC906009024CC /* Tour Prep.storyboard */ = {isa = PBXFileReference; fileEncoding = 4; lastKnownFileType = file.storyboard; path = "Tour Prep.storyboard"; sourceTree = "<group>"; };
		524D7B291CFBC9DD009024CC /* Base */ = {isa = PBXFileReference; lastKnownFileType = file.storyboard; name = Base; path = Base.lproj/SelectedTourCat.storyboard; sourceTree = "<group>"; };
		52615C4D1D0DC80F0040FDA9 /* mapMatchingTest.swift */ = {isa = PBXFileReference; fileEncoding = 4; lastKnownFileType = sourcecode.swift; path = mapMatchingTest.swift; sourceTree = "<group>"; };
		5264201A1CB2D54A00F7EEE2 /* SelectedTourViewController.swift */ = {isa = PBXFileReference; fileEncoding = 4; lastKnownFileType = sourcecode.swift; path = SelectedTourViewController.swift; sourceTree = "<group>"; };
		5264201C1CB2E16800F7EEE2 /* DirectionsViewController.swift */ = {isa = PBXFileReference; fileEncoding = 4; lastKnownFileType = sourcecode.swift; path = DirectionsViewController.swift; sourceTree = "<group>"; };
		52762D9F1CAF6E040051F338 /* TourCat.swift */ = {isa = PBXFileReference; fileEncoding = 4; lastKnownFileType = sourcecode.swift; path = TourCat.swift; sourceTree = "<group>"; };
		52762DA01CAF6E040051F338 /* Tour.swift */ = {isa = PBXFileReference; fileEncoding = 4; lastKnownFileType = sourcecode.swift; path = Tour.swift; sourceTree = "<group>"; };
		52762DA11CAF6E040051F338 /* Landmarks.swift */ = {isa = PBXFileReference; fileEncoding = 4; lastKnownFileType = sourcecode.swift; path = Landmarks.swift; sourceTree = "<group>"; };
		52762DA21CAF6E040051F338 /* Waypoints.swift */ = {isa = PBXFileReference; fileEncoding = 4; lastKnownFileType = sourcecode.swift; path = Waypoints.swift; sourceTree = "<group>"; };
		528704AF1CB5623E00650187 /* AuxiliaryFunctions.swift */ = {isa = PBXFileReference; fileEncoding = 4; lastKnownFileType = sourcecode.swift; path = AuxiliaryFunctions.swift; sourceTree = "<group>"; };
		528AE37C1CAC5A1300D8C65E /* SettingsViewController.swift */ = {isa = PBXFileReference; fileEncoding = 4; lastKnownFileType = sourcecode.swift; path = SettingsViewController.swift; sourceTree = "<group>"; };
		5299A2061C66AF7E0072F8D3 /* RPI Tours.app */ = {isa = PBXFileReference; explicitFileType = wrapper.application; includeInIndex = 0; path = "RPI Tours.app"; sourceTree = BUILT_PRODUCTS_DIR; };
		5299A2091C66AF7E0072F8D3 /* AppDelegate.swift */ = {isa = PBXFileReference; lastKnownFileType = sourcecode.swift; path = AppDelegate.swift; sourceTree = "<group>"; };
		5299A20C1C66AF7E0072F8D3 /* RPI_Tours.xcdatamodel */ = {isa = PBXFileReference; lastKnownFileType = wrapper.xcdatamodel; path = RPI_Tours.xcdatamodel; sourceTree = "<group>"; };
		5299A20E1C66AF7E0072F8D3 /* TourCategoryViewController.swift */ = {isa = PBXFileReference; lastKnownFileType = sourcecode.swift; path = TourCategoryViewController.swift; sourceTree = "<group>"; };
		5299A2101C66AF7E0072F8D3 /* ToursByCategoryViewController.swift */ = {isa = PBXFileReference; lastKnownFileType = sourcecode.swift; path = ToursByCategoryViewController.swift; sourceTree = "<group>"; };
		5299A2131C66AF7E0072F8D3 /* Base */ = {isa = PBXFileReference; lastKnownFileType = file.storyboard; name = Base; path = Base.lproj/Main.storyboard; sourceTree = "<group>"; };
		5299A2151C66AF7E0072F8D3 /* Assets.xcassets */ = {isa = PBXFileReference; lastKnownFileType = folder.assetcatalog; path = Assets.xcassets; sourceTree = "<group>"; };
		5299A2181C66AF7E0072F8D3 /* Base */ = {isa = PBXFileReference; lastKnownFileType = file.storyboard; name = Base; path = Base.lproj/LaunchScreen.storyboard; sourceTree = "<group>"; };
		5299A21A1C66AF7E0072F8D3 /* Info.plist */ = {isa = PBXFileReference; lastKnownFileType = text.plist.xml; path = Info.plist; sourceTree = "<group>"; };
		5299A21F1C66AF7E0072F8D3 /* RPI ToursTests.xctest */ = {isa = PBXFileReference; explicitFileType = wrapper.cfbundle; includeInIndex = 0; path = "RPI ToursTests.xctest"; sourceTree = BUILT_PRODUCTS_DIR; };
		5299A2231C66AF7E0072F8D3 /* RPI_ToursTests.swift */ = {isa = PBXFileReference; lastKnownFileType = sourcecode.swift; path = RPI_ToursTests.swift; sourceTree = "<group>"; };
		5299A2251C66AF7E0072F8D3 /* Info.plist */ = {isa = PBXFileReference; lastKnownFileType = text.plist.xml; path = Info.plist; sourceTree = "<group>"; };
		5299A22A1C66AF7E0072F8D3 /* RPI ToursUITests.xctest */ = {isa = PBXFileReference; explicitFileType = wrapper.cfbundle; includeInIndex = 0; path = "RPI ToursUITests.xctest"; sourceTree = BUILT_PRODUCTS_DIR; };
		5299A22E1C66AF7E0072F8D3 /* RPI_ToursUITests.swift */ = {isa = PBXFileReference; lastKnownFileType = sourcecode.swift; path = RPI_ToursUITests.swift; sourceTree = "<group>"; };
		5299A2301C66AF7E0072F8D3 /* Info.plist */ = {isa = PBXFileReference; lastKnownFileType = text.plist.xml; path = Info.plist; sourceTree = "<group>"; };
		5299A64D1CE022A100F57D76 /* LicensesViewController.swift */ = {isa = PBXFileReference; fileEncoding = 4; lastKnownFileType = sourcecode.swift; path = LicensesViewController.swift; sourceTree = "<group>"; };
		52BDD9571CAF526600EEEE7A /* Tours.json */ = {isa = PBXFileReference; fileEncoding = 4; lastKnownFileType = text.json; path = Tours.json; sourceTree = "<group>"; };
		52C3FFED1C9A384A00562190 /* GeneralMapViewController.swift */ = {isa = PBXFileReference; fileEncoding = 4; lastKnownFileType = sourcecode.swift; path = GeneralMapViewController.swift; sourceTree = "<group>"; };
		52FAA2BC1CAF5FDB0038283B /* Waypoints.csv */ = {isa = PBXFileReference; fileEncoding = 4; lastKnownFileType = text; name = Waypoints.csv; path = "RPI Tours/Waypoints.csv"; sourceTree = SOURCE_ROOT; };
		819FD269E9F275E660A75F59 /* Pods_RPI_ToursUITests.framework */ = {isa = PBXFileReference; explicitFileType = wrapper.framework; includeInIndex = 0; path = Pods_RPI_ToursUITests.framework; sourceTree = BUILT_PRODUCTS_DIR; };
		967445EDEF6CF9190B222128 /* Pods_RPI_ToursTests.framework */ = {isa = PBXFileReference; explicitFileType = wrapper.framework; includeInIndex = 0; path = Pods_RPI_ToursTests.framework; sourceTree = BUILT_PRODUCTS_DIR; };
		9CA1E38693F21C40079C3B6B /* Pods-RPI Tours.debug.xcconfig */ = {isa = PBXFileReference; includeInIndex = 1; lastKnownFileType = text.xcconfig; name = "Pods-RPI Tours.debug.xcconfig"; path = "Pods/Target Support Files/Pods-RPI Tours/Pods-RPI Tours.debug.xcconfig"; sourceTree = "<group>"; };
		A315500FBCEF4E8E8FC95CD8 /* Pods-RPI ToursTests.debug.xcconfig */ = {isa = PBXFileReference; includeInIndex = 1; lastKnownFileType = text.xcconfig; name = "Pods-RPI ToursTests.debug.xcconfig"; path = "Pods/Target Support Files/Pods-RPI ToursTests/Pods-RPI ToursTests.debug.xcconfig"; sourceTree = "<group>"; };
		B6B674FCA9BDEC13B6001AE9 /* Pods_RPI_Tours.framework */ = {isa = PBXFileReference; explicitFileType = wrapper.framework; includeInIndex = 0; path = Pods_RPI_Tours.framework; sourceTree = BUILT_PRODUCTS_DIR; };
/* End PBXFileReference section */

/* Begin PBXFrameworksBuildPhase section */
		5299A2031C66AF7E0072F8D3 /* Frameworks */ = {
			isa = PBXFrameworksBuildPhase;
			buildActionMask = 2147483647;
			files = (
				C54DED5CC697F6BF2BDF0654 /* Pods_RPI_Tours.framework in Frameworks */,
			);
			runOnlyForDeploymentPostprocessing = 0;
		};
		5299A21C1C66AF7E0072F8D3 /* Frameworks */ = {
			isa = PBXFrameworksBuildPhase;
			buildActionMask = 2147483647;
			files = (
				87106EC3B5D9D385D247BA32 /* Pods_RPI_ToursTests.framework in Frameworks */,
			);
			runOnlyForDeploymentPostprocessing = 0;
		};
		5299A2271C66AF7E0072F8D3 /* Frameworks */ = {
			isa = PBXFrameworksBuildPhase;
			buildActionMask = 2147483647;
			files = (
				616882F9858DC5836E6BD352 /* Pods_RPI_ToursUITests.framework in Frameworks */,
			);
			runOnlyForDeploymentPostprocessing = 0;
		};
/* End PBXFrameworksBuildPhase section */

/* Begin PBXGroup section */
		52762D9E1CAF6DF70051F338 /* Supporting Classes */ = {
			isa = PBXGroup;
			children = (
				52762D9F1CAF6E040051F338 /* TourCat.swift */,
				52762DA01CAF6E040051F338 /* Tour.swift */,
				52762DA11CAF6E040051F338 /* Landmarks.swift */,
				52762DA21CAF6E040051F338 /* Waypoints.swift */,
			);
			name = "Supporting Classes";
			sourceTree = "<group>";
		};
		528704B11CB5665D00650187 /* System Files */ = {
			isa = PBXGroup;
			children = (
				52615C4D1D0DC80F0040FDA9 /* mapMatchingTest.swift */,
				524D7B1F1CFBC385009024CC /* mapBoxAPIKeys.swift */,
				5299A2091C66AF7E0072F8D3 /* AppDelegate.swift */,
				5299A21A1C66AF7E0072F8D3 /* Info.plist */,
				5299A20B1C66AF7E0072F8D3 /* RPI_Tours.xcdatamodeld */,
			);
			name = "System Files";
			sourceTree = "<group>";
		};
		528704B21CB5667600650187 /* Data Files */ = {
			isa = PBXGroup;
			children = (
				52FAA2BC1CAF5FDB0038283B /* Waypoints.csv */,
				52BDD9571CAF526600EEEE7A /* Tours.json */,
			);
			name = "Data Files";
			sourceTree = "<group>";
		};
		5299A1FD1C66AF7E0072F8D3 = {
			isa = PBXGroup;
			children = (
				5299A2081C66AF7E0072F8D3 /* RPI Tours */,
				5299A2221C66AF7E0072F8D3 /* RPI ToursTests */,
				5299A22D1C66AF7E0072F8D3 /* RPI ToursUITests */,
				5299A2071C66AF7E0072F8D3 /* Products */,
				D64ED030B9B175B89464DCED /* Pods */,
				C00D60F7D9A0CB37C5323969 /* Frameworks */,
			);
			sourceTree = "<group>";
		};
		5299A2071C66AF7E0072F8D3 /* Products */ = {
			isa = PBXGroup;
			children = (
				5299A2061C66AF7E0072F8D3 /* RPI Tours.app */,
				5299A21F1C66AF7E0072F8D3 /* RPI ToursTests.xctest */,
				5299A22A1C66AF7E0072F8D3 /* RPI ToursUITests.xctest */,
			);
			name = Products;
			sourceTree = "<group>";
		};
		5299A2081C66AF7E0072F8D3 /* RPI Tours */ = {
			isa = PBXGroup;
			children = (
				52762D9E1CAF6DF70051F338 /* Supporting Classes */,
				52B9BDEC1C9B321E007C551A /* Asset Files */,
				52B9BDEB1C9B31FF007C551A /* Supporting Files */,
				52B9BDEA1C9B31E7007C551A /* View Controllers */,
			);
			path = "RPI Tours";
			sourceTree = "<group>";
		};
		5299A2221C66AF7E0072F8D3 /* RPI ToursTests */ = {
			isa = PBXGroup;
			children = (
				5299A2231C66AF7E0072F8D3 /* RPI_ToursTests.swift */,
				5299A2251C66AF7E0072F8D3 /* Info.plist */,
			);
			path = "RPI ToursTests";
			sourceTree = "<group>";
		};
		5299A22D1C66AF7E0072F8D3 /* RPI ToursUITests */ = {
			isa = PBXGroup;
			children = (
				5299A22E1C66AF7E0072F8D3 /* RPI_ToursUITests.swift */,
				5299A2301C66AF7E0072F8D3 /* Info.plist */,
			);
			path = "RPI ToursUITests";
			sourceTree = "<group>";
		};
		52B9BDEA1C9B31E7007C551A /* View Controllers */ = {
			isa = PBXGroup;
			children = (
				520EE71B1D04E84F00520A9B /* DirectionTableViewCell.swift */,
				5299A20E1C66AF7E0072F8D3 /* TourCategoryViewController.swift */,
				5299A2101C66AF7E0072F8D3 /* ToursByCategoryViewController.swift */,
				528AE37C1CAC5A1300D8C65E /* SettingsViewController.swift */,
				52C3FFED1C9A384A00562190 /* GeneralMapViewController.swift */,
				5264201A1CB2D54A00F7EEE2 /* SelectedTourViewController.swift */,
				5264201C1CB2E16800F7EEE2 /* DirectionsViewController.swift */,
				5299A64D1CE022A100F57D76 /* LicensesViewController.swift */,
			);
			name = "View Controllers";
			sourceTree = "<group>";
		};
		52B9BDEB1C9B31FF007C551A /* Supporting Files */ = {
			isa = PBXGroup;
			children = (
				528704B21CB5667600650187 /* Data Files */,
				528704B11CB5665D00650187 /* System Files */,
				528704AF1CB5623E00650187 /* AuxiliaryFunctions.swift */,
			);
			name = "Supporting Files";
			sourceTree = "<group>";
		};
		52B9BDEC1C9B321E007C551A /* Asset Files */ = {
			isa = PBXGroup;
			children = (
				5299A2121C66AF7E0072F8D3 /* Main.storyboard */,
				524D7B281CFBC9DD009024CC /* SelectedTourCat.storyboard */,
				524D7B261CFBC906009024CC /* Tour Prep.storyboard */,
				524D7B231CFBC8DE009024CC /* Map of Campus.storyboard */,
				524D7B211CFBC8C4009024CC /* Settings.storyboard */,
				5299A2171C66AF7E0072F8D3 /* LaunchScreen.storyboard */,
				5299A2151C66AF7E0072F8D3 /* Assets.xcassets */,
			);
			name = "Asset Files";
			sourceTree = "<group>";
		};
		C00D60F7D9A0CB37C5323969 /* Frameworks */ = {
			isa = PBXGroup;
			children = (
				B6B674FCA9BDEC13B6001AE9 /* Pods_RPI_Tours.framework */,
				967445EDEF6CF9190B222128 /* Pods_RPI_ToursTests.framework */,
				819FD269E9F275E660A75F59 /* Pods_RPI_ToursUITests.framework */,
			);
			name = Frameworks;
			sourceTree = "<group>";
		};
		D64ED030B9B175B89464DCED /* Pods */ = {
			isa = PBXGroup;
			children = (
				9CA1E38693F21C40079C3B6B /* Pods-RPI Tours.debug.xcconfig */,
				0F3D616B52EF6488E42F7F27 /* Pods-RPI Tours.release.xcconfig */,
				A315500FBCEF4E8E8FC95CD8 /* Pods-RPI ToursTests.debug.xcconfig */,
				506C002F6FB95A4089C3E19F /* Pods-RPI ToursTests.release.xcconfig */,
				2614717E85694AB86641C0D0 /* Pods-RPI ToursUITests.debug.xcconfig */,
				16E50CF4FAFEDD0C896B8B0D /* Pods-RPI ToursUITests.release.xcconfig */,
			);
			name = Pods;
			sourceTree = "<group>";
		};
/* End PBXGroup section */

/* Begin PBXNativeTarget section */
		5299A2051C66AF7E0072F8D3 /* RPI Tours */ = {
			isa = PBXNativeTarget;
			buildConfigurationList = 5299A2331C66AF7E0072F8D3 /* Build configuration list for PBXNativeTarget "RPI Tours" */;
			buildPhases = (
				636A2A8CC6BB62340CF778ED /* 📦 Check Pods Manifest.lock */,
				5299A2021C66AF7E0072F8D3 /* Sources */,
				5299A2031C66AF7E0072F8D3 /* Frameworks */,
				5299A2041C66AF7E0072F8D3 /* Resources */,
				99077FE6E4F74627252EEA16 /* 📦 Embed Pods Frameworks */,
				EC1D250D9710FA0C6B2AB072 /* 📦 Copy Pods Resources */,
			);
			buildRules = (
			);
			dependencies = (
			);
			name = "RPI Tours";
			productName = "RPI Tours";
			productReference = 5299A2061C66AF7E0072F8D3 /* RPI Tours.app */;
			productType = "com.apple.product-type.application";
		};
		5299A21E1C66AF7E0072F8D3 /* RPI ToursTests */ = {
			isa = PBXNativeTarget;
			buildConfigurationList = 5299A2361C66AF7E0072F8D3 /* Build configuration list for PBXNativeTarget "RPI ToursTests" */;
			buildPhases = (
				E4C3659A1B2534CC4A9B0518 /* 📦 Check Pods Manifest.lock */,
				5299A21B1C66AF7E0072F8D3 /* Sources */,
				5299A21C1C66AF7E0072F8D3 /* Frameworks */,
				5299A21D1C66AF7E0072F8D3 /* Resources */,
				4F19BA40FAC1D849E32F0D2B /* 📦 Embed Pods Frameworks */,
				F094108A95866FD73B0AE5BB /* 📦 Copy Pods Resources */,
			);
			buildRules = (
			);
			dependencies = (
				5299A2211C66AF7E0072F8D3 /* PBXTargetDependency */,
			);
			name = "RPI ToursTests";
			productName = "RPI ToursTests";
			productReference = 5299A21F1C66AF7E0072F8D3 /* RPI ToursTests.xctest */;
			productType = "com.apple.product-type.bundle.unit-test";
		};
		5299A2291C66AF7E0072F8D3 /* RPI ToursUITests */ = {
			isa = PBXNativeTarget;
			buildConfigurationList = 5299A2391C66AF7E0072F8D3 /* Build configuration list for PBXNativeTarget "RPI ToursUITests" */;
			buildPhases = (
				58109BDF26D09B2F58820376 /* 📦 Check Pods Manifest.lock */,
				5299A2261C66AF7E0072F8D3 /* Sources */,
				5299A2271C66AF7E0072F8D3 /* Frameworks */,
				5299A2281C66AF7E0072F8D3 /* Resources */,
				0AB584D518A3259AB4A1083D /* 📦 Copy Pods Resources */,
			);
			buildRules = (
			);
			dependencies = (
				5299A22C1C66AF7E0072F8D3 /* PBXTargetDependency */,
			);
			name = "RPI ToursUITests";
			productName = "RPI ToursUITests";
			productReference = 5299A22A1C66AF7E0072F8D3 /* RPI ToursUITests.xctest */;
			productType = "com.apple.product-type.bundle.ui-testing";
		};
/* End PBXNativeTarget section */

/* Begin PBXProject section */
		5299A1FE1C66AF7E0072F8D3 /* Project object */ = {
			isa = PBXProject;
			attributes = {
				LastSwiftUpdateCheck = 0720;
				LastUpgradeCheck = 0720;
				ORGANIZATIONNAME = "RPI Web Tech";
				TargetAttributes = {
					5299A2051C66AF7E0072F8D3 = {
						CreatedOnToolsVersion = 7.2.1;
						DevelopmentTeam = JRS59Q3JZW;
					};
					5299A21E1C66AF7E0072F8D3 = {
						CreatedOnToolsVersion = 7.2.1;
						TestTargetID = 5299A2051C66AF7E0072F8D3;
					};
					5299A2291C66AF7E0072F8D3 = {
						CreatedOnToolsVersion = 7.2.1;
						TestTargetID = 5299A2051C66AF7E0072F8D3;
					};
				};
			};
			buildConfigurationList = 5299A2011C66AF7E0072F8D3 /* Build configuration list for PBXProject "RPI Tours" */;
			compatibilityVersion = "Xcode 3.2";
			developmentRegion = English;
			hasScannedForEncodings = 0;
			knownRegions = (
				en,
				Base,
			);
			mainGroup = 5299A1FD1C66AF7E0072F8D3;
			productRefGroup = 5299A2071C66AF7E0072F8D3 /* Products */;
			projectDirPath = "";
			projectRoot = "";
			targets = (
				5299A2051C66AF7E0072F8D3 /* RPI Tours */,
				5299A21E1C66AF7E0072F8D3 /* RPI ToursTests */,
				5299A2291C66AF7E0072F8D3 /* RPI ToursUITests */,
			);
		};
/* End PBXProject section */

/* Begin PBXResourcesBuildPhase section */
		5299A2041C66AF7E0072F8D3 /* Resources */ = {
			isa = PBXResourcesBuildPhase;
			buildActionMask = 2147483647;
			files = (
				524D7B2A1CFBC9DD009024CC /* SelectedTourCat.storyboard in Resources */,
				5299A2191C66AF7E0072F8D3 /* LaunchScreen.storyboard in Resources */,
				5299A2161C66AF7E0072F8D3 /* Assets.xcassets in Resources */,
				5299A2141C66AF7E0072F8D3 /* Main.storyboard in Resources */,
				524D7B221CFBC8C4009024CC /* Settings.storyboard in Resources */,
				524D7B271CFBC906009024CC /* Tour Prep.storyboard in Resources */,
				524D7B251CFBC8DE009024CC /* Map of Campus.storyboard in Resources */,
				52FAA2BD1CAF5FDB0038283B /* Waypoints.csv in Resources */,
				52BDD9581CAF526600EEEE7A /* Tours.json in Resources */,
			);
			runOnlyForDeploymentPostprocessing = 0;
		};
		5299A21D1C66AF7E0072F8D3 /* Resources */ = {
			isa = PBXResourcesBuildPhase;
			buildActionMask = 2147483647;
			files = (
			);
			runOnlyForDeploymentPostprocessing = 0;
		};
		5299A2281C66AF7E0072F8D3 /* Resources */ = {
			isa = PBXResourcesBuildPhase;
			buildActionMask = 2147483647;
			files = (
			);
			runOnlyForDeploymentPostprocessing = 0;
		};
/* End PBXResourcesBuildPhase section */

/* Begin PBXShellScriptBuildPhase section */
		0AB584D518A3259AB4A1083D /* 📦 Copy Pods Resources */ = {
			isa = PBXShellScriptBuildPhase;
			buildActionMask = 2147483647;
			files = (
			);
			inputPaths = (
			);
			name = "📦 Copy Pods Resources";
			outputPaths = (
			);
			runOnlyForDeploymentPostprocessing = 0;
			shellPath = /bin/sh;
			shellScript = "\"${SRCROOT}/Pods/Target Support Files/Pods-RPI ToursUITests/Pods-RPI ToursUITests-resources.sh\"\n";
			showEnvVarsInLog = 0;
		};
		4F19BA40FAC1D849E32F0D2B /* 📦 Embed Pods Frameworks */ = {
			isa = PBXShellScriptBuildPhase;
			buildActionMask = 2147483647;
			files = (
			);
			inputPaths = (
			);
			name = "📦 Embed Pods Frameworks";
			outputPaths = (
			);
			runOnlyForDeploymentPostprocessing = 0;
			shellPath = /bin/sh;
			shellScript = "\"${SRCROOT}/Pods/Target Support Files/Pods-RPI ToursTests/Pods-RPI ToursTests-frameworks.sh\"\n";
			showEnvVarsInLog = 0;
		};
		58109BDF26D09B2F58820376 /* 📦 Check Pods Manifest.lock */ = {
			isa = PBXShellScriptBuildPhase;
			buildActionMask = 2147483647;
			files = (
			);
			inputPaths = (
			);
			name = "📦 Check Pods Manifest.lock";
			outputPaths = (
			);
			runOnlyForDeploymentPostprocessing = 0;
			shellPath = /bin/sh;
			shellScript = "diff \"${PODS_ROOT}/../Podfile.lock\" \"${PODS_ROOT}/Manifest.lock\" > /dev/null\nif [[ $? != 0 ]] ; then\n    cat << EOM\nerror: The sandbox is not in sync with the Podfile.lock. Run 'pod install' or update your CocoaPods installation.\nEOM\n    exit 1\nfi\n";
			showEnvVarsInLog = 0;
		};
		636A2A8CC6BB62340CF778ED /* 📦 Check Pods Manifest.lock */ = {
			isa = PBXShellScriptBuildPhase;
			buildActionMask = 2147483647;
			files = (
			);
			inputPaths = (
			);
			name = "📦 Check Pods Manifest.lock";
			outputPaths = (
			);
			runOnlyForDeploymentPostprocessing = 0;
			shellPath = /bin/sh;
			shellScript = "diff \"${PODS_ROOT}/../Podfile.lock\" \"${PODS_ROOT}/Manifest.lock\" > /dev/null\nif [[ $? != 0 ]] ; then\n    cat << EOM\nerror: The sandbox is not in sync with the Podfile.lock. Run 'pod install' or update your CocoaPods installation.\nEOM\n    exit 1\nfi\n";
			showEnvVarsInLog = 0;
		};
		99077FE6E4F74627252EEA16 /* 📦 Embed Pods Frameworks */ = {
			isa = PBXShellScriptBuildPhase;
			buildActionMask = 2147483647;
			files = (
			);
			inputPaths = (
			);
			name = "📦 Embed Pods Frameworks";
			outputPaths = (
			);
			runOnlyForDeploymentPostprocessing = 0;
			shellPath = /bin/sh;
			shellScript = "\"${SRCROOT}/Pods/Target Support Files/Pods-RPI Tours/Pods-RPI Tours-frameworks.sh\"\n";
			showEnvVarsInLog = 0;
		};
		E4C3659A1B2534CC4A9B0518 /* 📦 Check Pods Manifest.lock */ = {
			isa = PBXShellScriptBuildPhase;
			buildActionMask = 2147483647;
			files = (
			);
			inputPaths = (
			);
			name = "📦 Check Pods Manifest.lock";
			outputPaths = (
			);
			runOnlyForDeploymentPostprocessing = 0;
			shellPath = /bin/sh;
			shellScript = "diff \"${PODS_ROOT}/../Podfile.lock\" \"${PODS_ROOT}/Manifest.lock\" > /dev/null\nif [[ $? != 0 ]] ; then\n    cat << EOM\nerror: The sandbox is not in sync with the Podfile.lock. Run 'pod install' or update your CocoaPods installation.\nEOM\n    exit 1\nfi\n";
			showEnvVarsInLog = 0;
		};
		EC1D250D9710FA0C6B2AB072 /* 📦 Copy Pods Resources */ = {
			isa = PBXShellScriptBuildPhase;
			buildActionMask = 2147483647;
			files = (
			);
			inputPaths = (
			);
			name = "📦 Copy Pods Resources";
			outputPaths = (
			);
			runOnlyForDeploymentPostprocessing = 0;
			shellPath = /bin/sh;
			shellScript = "\"${SRCROOT}/Pods/Target Support Files/Pods-RPI Tours/Pods-RPI Tours-resources.sh\"\n";
			showEnvVarsInLog = 0;
		};
		F094108A95866FD73B0AE5BB /* 📦 Copy Pods Resources */ = {
			isa = PBXShellScriptBuildPhase;
			buildActionMask = 2147483647;
			files = (
			);
			inputPaths = (
			);
			name = "📦 Copy Pods Resources";
			outputPaths = (
			);
			runOnlyForDeploymentPostprocessing = 0;
			shellPath = /bin/sh;
			shellScript = "\"${SRCROOT}/Pods/Target Support Files/Pods-RPI ToursTests/Pods-RPI ToursTests-resources.sh\"\n";
			showEnvVarsInLog = 0;
		};
/* End PBXShellScriptBuildPhase section */

/* Begin PBXSourcesBuildPhase section */
		5299A2021C66AF7E0072F8D3 /* Sources */ = {
			isa = PBXSourcesBuildPhase;
			buildActionMask = 2147483647;
			files = (
				5299A20A1C66AF7E0072F8D3 /* AppDelegate.swift in Sources */,
				5299A20D1C66AF7E0072F8D3 /* RPI_Tours.xcdatamodeld in Sources */,
				5299A20F1C66AF7E0072F8D3 /* TourCategoryViewController.swift in Sources */,
				528AE37D1CAC5A1300D8C65E /* SettingsViewController.swift in Sources */,
				5264201D1CB2E16800F7EEE2 /* DirectionsViewController.swift in Sources */,
				52C3FFEE1C9A384A00562190 /* GeneralMapViewController.swift in Sources */,
				528704B01CB5623E00650187 /* AuxiliaryFunctions.swift in Sources */,
				52762DA61CAF6E040051F338 /* Waypoints.swift in Sources */,
				5299A2111C66AF7E0072F8D3 /* ToursByCategoryViewController.swift in Sources */,
				52615C4E1D0DC80F0040FDA9 /* mapMatchingTest.swift in Sources */,
				52762DA31CAF6E040051F338 /* TourCat.swift in Sources */,
				524D7B201CFBC385009024CC /* mapBoxAPIKeys.swift in Sources */,
				520EE71C1D04E84F00520A9B /* DirectionTableViewCell.swift in Sources */,
				5264201B1CB2D54A00F7EEE2 /* SelectedTourViewController.swift in Sources */,
				5299A64E1CE022A100F57D76 /* LicensesViewController.swift in Sources */,
				52762DA41CAF6E040051F338 /* Tour.swift in Sources */,
				52762DA51CAF6E040051F338 /* Landmarks.swift in Sources */,
			);
			runOnlyForDeploymentPostprocessing = 0;
		};
		5299A21B1C66AF7E0072F8D3 /* Sources */ = {
			isa = PBXSourcesBuildPhase;
			buildActionMask = 2147483647;
			files = (
				5299A2241C66AF7E0072F8D3 /* RPI_ToursTests.swift in Sources */,
			);
			runOnlyForDeploymentPostprocessing = 0;
		};
		5299A2261C66AF7E0072F8D3 /* Sources */ = {
			isa = PBXSourcesBuildPhase;
			buildActionMask = 2147483647;
			files = (
				5299A22F1C66AF7E0072F8D3 /* RPI_ToursUITests.swift in Sources */,
			);
			runOnlyForDeploymentPostprocessing = 0;
		};
/* End PBXSourcesBuildPhase section */

/* Begin PBXTargetDependency section */
		5299A2211C66AF7E0072F8D3 /* PBXTargetDependency */ = {
			isa = PBXTargetDependency;
			target = 5299A2051C66AF7E0072F8D3 /* RPI Tours */;
			targetProxy = 5299A2201C66AF7E0072F8D3 /* PBXContainerItemProxy */;
		};
		5299A22C1C66AF7E0072F8D3 /* PBXTargetDependency */ = {
			isa = PBXTargetDependency;
			target = 5299A2051C66AF7E0072F8D3 /* RPI Tours */;
			targetProxy = 5299A22B1C66AF7E0072F8D3 /* PBXContainerItemProxy */;
		};
/* End PBXTargetDependency section */

/* Begin PBXVariantGroup section */
		524D7B231CFBC8DE009024CC /* Map of Campus.storyboard */ = {
			isa = PBXVariantGroup;
			children = (
				524D7B241CFBC8DE009024CC /* Base */,
			);
			name = "Map of Campus.storyboard";
			sourceTree = "<group>";
		};
		524D7B281CFBC9DD009024CC /* SelectedTourCat.storyboard */ = {
			isa = PBXVariantGroup;
			children = (
				524D7B291CFBC9DD009024CC /* Base */,
			);
			name = SelectedTourCat.storyboard;
			sourceTree = "<group>";
		};
		5299A2121C66AF7E0072F8D3 /* Main.storyboard */ = {
			isa = PBXVariantGroup;
			children = (
				5299A2131C66AF7E0072F8D3 /* Base */,
			);
			name = Main.storyboard;
			sourceTree = "<group>";
		};
		5299A2171C66AF7E0072F8D3 /* LaunchScreen.storyboard */ = {
			isa = PBXVariantGroup;
			children = (
				5299A2181C66AF7E0072F8D3 /* Base */,
			);
			name = LaunchScreen.storyboard;
			sourceTree = "<group>";
		};
/* End PBXVariantGroup section */

/* Begin XCBuildConfiguration section */
		5299A2311C66AF7E0072F8D3 /* Debug */ = {
			isa = XCBuildConfiguration;
			buildSettings = {
				ALWAYS_SEARCH_USER_PATHS = NO;
				CLANG_CXX_LANGUAGE_STANDARD = "gnu++0x";
				CLANG_CXX_LIBRARY = "libc++";
				CLANG_ENABLE_MODULES = YES;
				CLANG_ENABLE_OBJC_ARC = YES;
				CLANG_WARN_BOOL_CONVERSION = YES;
				CLANG_WARN_CONSTANT_CONVERSION = YES;
				CLANG_WARN_DIRECT_OBJC_ISA_USAGE = YES_ERROR;
				CLANG_WARN_EMPTY_BODY = YES;
				CLANG_WARN_ENUM_CONVERSION = YES;
				CLANG_WARN_INT_CONVERSION = YES;
				CLANG_WARN_OBJC_ROOT_CLASS = YES_ERROR;
				CLANG_WARN_UNREACHABLE_CODE = YES;
				CLANG_WARN__DUPLICATE_METHOD_MATCH = YES;
				"CODE_SIGN_IDENTITY[sdk=iphoneos*]" = "iPhone Developer";
				COPY_PHASE_STRIP = NO;
				DEBUG_INFORMATION_FORMAT = dwarf;
				ENABLE_STRICT_OBJC_MSGSEND = YES;
				ENABLE_TESTABILITY = YES;
				GCC_C_LANGUAGE_STANDARD = gnu99;
				GCC_DYNAMIC_NO_PIC = NO;
				GCC_NO_COMMON_BLOCKS = YES;
				GCC_OPTIMIZATION_LEVEL = 0;
				GCC_PREPROCESSOR_DEFINITIONS = (
					"DEBUG=1",
					"$(inherited)",
				);
				GCC_WARN_64_TO_32_BIT_CONVERSION = YES;
				GCC_WARN_ABOUT_RETURN_TYPE = YES_ERROR;
				GCC_WARN_UNDECLARED_SELECTOR = YES;
				GCC_WARN_UNINITIALIZED_AUTOS = YES_AGGRESSIVE;
				GCC_WARN_UNUSED_FUNCTION = YES;
				GCC_WARN_UNUSED_VARIABLE = YES;
				IPHONEOS_DEPLOYMENT_TARGET = 9.2;
				MTL_ENABLE_DEBUG_INFO = YES;
				ONLY_ACTIVE_ARCH = YES;
				SDKROOT = iphoneos;
				SWIFT_OPTIMIZATION_LEVEL = "-Onone";
				TARGETED_DEVICE_FAMILY = "1,2";
			};
			name = Debug;
		};
		5299A2321C66AF7E0072F8D3 /* Release */ = {
			isa = XCBuildConfiguration;
			buildSettings = {
				ALWAYS_SEARCH_USER_PATHS = NO;
				CLANG_CXX_LANGUAGE_STANDARD = "gnu++0x";
				CLANG_CXX_LIBRARY = "libc++";
				CLANG_ENABLE_MODULES = YES;
				CLANG_ENABLE_OBJC_ARC = YES;
				CLANG_WARN_BOOL_CONVERSION = YES;
				CLANG_WARN_CONSTANT_CONVERSION = YES;
				CLANG_WARN_DIRECT_OBJC_ISA_USAGE = YES_ERROR;
				CLANG_WARN_EMPTY_BODY = YES;
				CLANG_WARN_ENUM_CONVERSION = YES;
				CLANG_WARN_INT_CONVERSION = YES;
				CLANG_WARN_OBJC_ROOT_CLASS = YES_ERROR;
				CLANG_WARN_UNREACHABLE_CODE = YES;
				CLANG_WARN__DUPLICATE_METHOD_MATCH = YES;
				"CODE_SIGN_IDENTITY[sdk=iphoneos*]" = "iPhone Developer";
				COPY_PHASE_STRIP = NO;
				DEBUG_INFORMATION_FORMAT = "dwarf-with-dsym";
				ENABLE_NS_ASSERTIONS = NO;
				ENABLE_STRICT_OBJC_MSGSEND = YES;
				GCC_C_LANGUAGE_STANDARD = gnu99;
				GCC_NO_COMMON_BLOCKS = YES;
				GCC_WARN_64_TO_32_BIT_CONVERSION = YES;
				GCC_WARN_ABOUT_RETURN_TYPE = YES_ERROR;
				GCC_WARN_UNDECLARED_SELECTOR = YES;
				GCC_WARN_UNINITIALIZED_AUTOS = YES_AGGRESSIVE;
				GCC_WARN_UNUSED_FUNCTION = YES;
				GCC_WARN_UNUSED_VARIABLE = YES;
				IPHONEOS_DEPLOYMENT_TARGET = 9.2;
				MTL_ENABLE_DEBUG_INFO = NO;
				SDKROOT = iphoneos;
				TARGETED_DEVICE_FAMILY = "1,2";
				VALIDATE_PRODUCT = YES;
			};
			name = Release;
		};
		5299A2341C66AF7E0072F8D3 /* Debug */ = {
			isa = XCBuildConfiguration;
			baseConfigurationReference = 9CA1E38693F21C40079C3B6B /* Pods-RPI Tours.debug.xcconfig */;
			buildSettings = {
				ASSETCATALOG_COMPILER_APPICON_NAME = AppIcon;
				CODE_SIGN_IDENTITY = "iPhone Developer";
				"CODE_SIGN_IDENTITY[sdk=iphoneos*]" = "iPhone Developer";
				INFOPLIST_FILE = "RPI Tours/Info.plist";
				IPHONEOS_DEPLOYMENT_TARGET = 9.0;
				LD_RUNPATH_SEARCH_PATHS = "$(inherited) @executable_path/Frameworks";
				PRODUCT_BUNDLE_IDENTIFIER = "edu.rpi.union.webtech.RPI-Tours";
				PRODUCT_NAME = "$(TARGET_NAME)";
				PROVISIONING_PROFILE = "";
				TARGETED_DEVICE_FAMILY = 1;
			};
			name = Debug;
		};
		5299A2351C66AF7E0072F8D3 /* Release */ = {
			isa = XCBuildConfiguration;
			baseConfigurationReference = 0F3D616B52EF6488E42F7F27 /* Pods-RPI Tours.release.xcconfig */;
			buildSettings = {
				ASSETCATALOG_COMPILER_APPICON_NAME = AppIcon;
				CODE_SIGN_IDENTITY = "iPhone Developer";
				"CODE_SIGN_IDENTITY[sdk=iphoneos*]" = "iPhone Developer";
				INFOPLIST_FILE = "RPI Tours/Info.plist";
				IPHONEOS_DEPLOYMENT_TARGET = 9.0;
				LD_RUNPATH_SEARCH_PATHS = "$(inherited) @executable_path/Frameworks";
				PRODUCT_BUNDLE_IDENTIFIER = "edu.rpi.union.webtech.RPI-Tours";
				PRODUCT_NAME = "$(TARGET_NAME)";
				PROVISIONING_PROFILE = "";
				TARGETED_DEVICE_FAMILY = 1;
			};
			name = Release;
		};
		5299A2371C66AF7E0072F8D3 /* Debug */ = {
			isa = XCBuildConfiguration;
			baseConfigurationReference = A315500FBCEF4E8E8FC95CD8 /* Pods-RPI ToursTests.debug.xcconfig */;
			buildSettings = {
				BUNDLE_LOADER = "$(TEST_HOST)";
				INFOPLIST_FILE = "RPI ToursTests/Info.plist";
				LD_RUNPATH_SEARCH_PATHS = "$(inherited) @executable_path/Frameworks @loader_path/Frameworks";
				PRODUCT_BUNDLE_IDENTIFIER = "edu.rpi.union.webtech.RPI-ToursTests";
				PRODUCT_NAME = "$(TARGET_NAME)";
				TEST_HOST = "$(BUILT_PRODUCTS_DIR)/RPI Tours.app/RPI Tours";
			};
			name = Debug;
		};
		5299A2381C66AF7E0072F8D3 /* Release */ = {
			isa = XCBuildConfiguration;
			baseConfigurationReference = 506C002F6FB95A4089C3E19F /* Pods-RPI ToursTests.release.xcconfig */;
			buildSettings = {
				BUNDLE_LOADER = "$(TEST_HOST)";
				INFOPLIST_FILE = "RPI ToursTests/Info.plist";
				LD_RUNPATH_SEARCH_PATHS = "$(inherited) @executable_path/Frameworks @loader_path/Frameworks";
				PRODUCT_BUNDLE_IDENTIFIER = "edu.rpi.union.webtech.RPI-ToursTests";
				PRODUCT_NAME = "$(TARGET_NAME)";
				TEST_HOST = "$(BUILT_PRODUCTS_DIR)/RPI Tours.app/RPI Tours";
			};
			name = Release;
		};
		5299A23A1C66AF7E0072F8D3 /* Debug */ = {
			isa = XCBuildConfiguration;
			baseConfigurationReference = 2614717E85694AB86641C0D0 /* Pods-RPI ToursUITests.debug.xcconfig */;
			buildSettings = {
				INFOPLIST_FILE = "RPI ToursUITests/Info.plist";
				LD_RUNPATH_SEARCH_PATHS = "$(inherited) @executable_path/Frameworks @loader_path/Frameworks";
				PRODUCT_BUNDLE_IDENTIFIER = "edu.rpi.union.webtech.RPI-ToursUITests";
				PRODUCT_NAME = "$(TARGET_NAME)";
				TEST_TARGET_NAME = "RPI Tours";
				USES_XCTRUNNER = YES;
			};
			name = Debug;
		};
		5299A23B1C66AF7E0072F8D3 /* Release */ = {
			isa = XCBuildConfiguration;
			baseConfigurationReference = 16E50CF4FAFEDD0C896B8B0D /* Pods-RPI ToursUITests.release.xcconfig */;
			buildSettings = {
				INFOPLIST_FILE = "RPI ToursUITests/Info.plist";
				LD_RUNPATH_SEARCH_PATHS = "$(inherited) @executable_path/Frameworks @loader_path/Frameworks";
				PRODUCT_BUNDLE_IDENTIFIER = "edu.rpi.union.webtech.RPI-ToursUITests";
				PRODUCT_NAME = "$(TARGET_NAME)";
				TEST_TARGET_NAME = "RPI Tours";
				USES_XCTRUNNER = YES;
			};
			name = Release;
		};
/* End XCBuildConfiguration section */

/* Begin XCConfigurationList section */
		5299A2011C66AF7E0072F8D3 /* Build configuration list for PBXProject "RPI Tours" */ = {
			isa = XCConfigurationList;
			buildConfigurations = (
				5299A2311C66AF7E0072F8D3 /* Debug */,
				5299A2321C66AF7E0072F8D3 /* Release */,
			);
			defaultConfigurationIsVisible = 0;
			defaultConfigurationName = Release;
		};
		5299A2331C66AF7E0072F8D3 /* Build configuration list for PBXNativeTarget "RPI Tours" */ = {
			isa = XCConfigurationList;
			buildConfigurations = (
				5299A2341C66AF7E0072F8D3 /* Debug */,
				5299A2351C66AF7E0072F8D3 /* Release */,
			);
			defaultConfigurationIsVisible = 0;
			defaultConfigurationName = Release;
		};
		5299A2361C66AF7E0072F8D3 /* Build configuration list for PBXNativeTarget "RPI ToursTests" */ = {
			isa = XCConfigurationList;
			buildConfigurations = (
				5299A2371C66AF7E0072F8D3 /* Debug */,
				5299A2381C66AF7E0072F8D3 /* Release */,
			);
			defaultConfigurationIsVisible = 0;
			defaultConfigurationName = Release;
		};
		5299A2391C66AF7E0072F8D3 /* Build configuration list for PBXNativeTarget "RPI ToursUITests" */ = {
			isa = XCConfigurationList;
			buildConfigurations = (
				5299A23A1C66AF7E0072F8D3 /* Debug */,
				5299A23B1C66AF7E0072F8D3 /* Release */,
			);
			defaultConfigurationIsVisible = 0;
			defaultConfigurationName = Release;
		};
/* End XCConfigurationList section */

/* Begin XCVersionGroup section */
		5299A20B1C66AF7E0072F8D3 /* RPI_Tours.xcdatamodeld */ = {
			isa = XCVersionGroup;
			children = (
				5299A20C1C66AF7E0072F8D3 /* RPI_Tours.xcdatamodel */,
			);
			currentVersion = 5299A20C1C66AF7E0072F8D3 /* RPI_Tours.xcdatamodel */;
			path = RPI_Tours.xcdatamodeld;
			sourceTree = "<group>";
			versionGroupType = wrapper.xcdatamodel;
		};
/* End XCVersionGroup section */
	};
	rootObject = 5299A1FE1C66AF7E0072F8D3 /* Project object */;
}
