PODS:
  - CSwiftV (0.0.5)
  - Mapbox-iOS-SDK (3.4.1)
  - MapboxDirections.swift (0.6.0):
    - Polyline (~> 4.0.0)
  - Polyline (4.0.0)
  - ReachabilitySwift (3)
  - SwiftyJSON (3.1.4)
  - TNImageSliderViewController (1.0.4)

DEPENDENCIES:
  - CSwiftV (from `https://github.com/Daniel1of1/CSwiftV.git`)
  - Mapbox-iOS-SDK
  - MapboxDirections.swift (from `https://github.com/mapbox/MapboxDirections.swift.git`, branch `swift3`)
  - Polyline (~> 4.0)
  - ReachabilitySwift (~> 3)
  - SwiftyJSON
  - TNImageSliderViewController (from `https://github.com/JohnBehnke/TNImageSliderViewController.git`)

EXTERNAL SOURCES:
  CSwiftV:
    :git: https://github.com/Daniel1of1/CSwiftV.git
  MapboxDirections.swift:
    :branch: swift3
    :git: https://github.com/mapbox/MapboxDirections.swift.git
  TNImageSliderViewController:
    :git: https://github.com/JohnBehnke/TNImageSliderViewController.git

CHECKOUT OPTIONS:
  CSwiftV:
    :commit: a1a04d3915028c03884df4ed53757c7480233b68
    :git: https://github.com/Daniel1of1/CSwiftV.git
  MapboxDirections.swift:
    :commit: 581f246ae4f821a62af6bbe8c4ea1aac67b0cf9b
    :git: https://github.com/mapbox/MapboxDirections.swift.git
  TNImageSliderViewController:
    :commit: ee7e14f5a990722dd619ef9ae91f2808e49e4c3d
    :git: https://github.com/JohnBehnke/TNImageSliderViewController.git

SPEC CHECKSUMS:
  CSwiftV: 2560532e2e5b04d95c36b0f49a8dc745071fa525
  Mapbox-iOS-SDK: 9c0d23e9a3784e6c9e45af4339898e4598b5b09b
  MapboxDirections.swift: 4acd753d0079bae4f2fae2b2cbda98922909de09
  Polyline: c6de7430bf6ff0bfff1f087343597b83b38fdb69
  ReachabilitySwift: f5b9bb30a0777fac8f09ce8b067e32faeb29bb64
  SwiftyJSON: c2842d878f95482ffceec5709abc3d05680c0220
  TNImageSliderViewController: e1d6f71e2349119e2e743496e06860ee268b0c28

PODFILE CHECKSUM: 7afe8ecabc004a08cf5450ea92fe670d9d502269

COCOAPODS: 1.2.0
