PODS:
  - CSwiftV (0.0.3)
  - Mapbox-iOS-SDK (3.1.2)

DEPENDENCIES:
  - CSwiftV (from `https://github.com/Daniel1of1/CSwiftV.git`)
  - Mapbox-iOS-SDK

EXTERNAL SOURCES:
  CSwiftV:
    :git: https://github.com/Daniel1of1/CSwiftV.git

CHECKOUT OPTIONS:
  CSwiftV:
    :commit: a1774b9dbae7b4d9fa288998362625cae9e12352
    :git: https://github.com/Daniel1of1/CSwiftV.git

SPEC CHECKSUMS:
  CSwiftV: 93e3d4e1501f2a9b1eac3ae51d53a5edf41beb5b
  Mapbox-iOS-SDK: 0a910c2cce1aa8cff5b9ec2a990e7a32332a776a

COCOAPODS: 0.39.0
